docker.io/go-docker v1.0.0 h1:VdXS/aNYQxyA9wdLD5z8Q8Ro688/hG8HzKxYVEVbE6s=
docker.io/go-docker v1.0.0/go.mod h1:7tiAn5a0LFmjbPDbyTPOaTTOuG1ZRNXdPA6RvKY+fpY=
github.com/Microsoft/go-winio v0.4.12 h1:xAfWHN1IrQ0NJ9TBC0KBZoqLjzDTr1ML+4MywiUOryc=
github.com/Microsoft/go-winio v0.4.12/go.mod h1:VhR8bwka0BXejwEJY73c50VrPtXAaKcyvVC4A4RozmA=
github.com/anmitsu/go-shlex v0.0.0-20161002113705-648efa622239/go.mod h1:2FmKhYUyUczH0OGQWaF5ceTx0UBShxjsH6f8oGKYe2c=
github.com/cavaliercoder/go-cpio v0.0.0-20180626203310-925f9528c45e/go.mod h1:oDpT4efm8tSYHXV5tHSdRvBet/b/QzxZ+XyyPehvm3A=
github.com/cavaliercoder/grab v1.0.0 h1:H6VQ1NiLO7AvXM6ZyaInnoZrRLeo2FoUTQEcXln4bvQ=
github.com/cavaliercoder/grab v1.0.0/go.mod h1:tTBkfNqSBfuMmMBFaO2phgyhdYhiZQ/+iXCZDzcDsMI=
github.com/creack/pty v1.1.11/go.mod h1:oKZEueFk5CKHvIhNR5MUki03XCEU+Q6VDXinZuGJ33E=
github.com/d2g/dhcp4 v0.0.0-20170904100407-a1d1b6c41b1c/go.mod h1:Ct2BUK8SB0YC1SMSibvLzxjeJLnrYEVLULFNiHY9YfQ=
github.com/d2g/dhcp4client v0.0.0-20180622102533-b7a004ff1a09/go.mod h1:j0hNfjhrt2SxUOw55nL0ATM/z4Yt3t2Kd1mW34z5W5s=
github.com/davecgh/go-spew v1.1.0 h1:ZDRjVQ15GmhC3fiQ8ni8+OwkZQO4DARzQgrnXU1Liz8=
github.com/davecgh/go-spew v1.1.0/go.mod h1:J7Y8YcW2NihsgmVo/mv3lAwl/skON4iLHjSsI+c5H38=
github.com/djherbis/times v1.2.0/go.mod h1:CGMZlo255K5r4Yw0b9RRfFQpM2y7uOmxg4jm9HsaVf8=
github.com/docker/distribution v2.7.0-rc.0+incompatible h1:Nw9tozLpkMnG3IA1zLzsCuwKizII6havt4iIXWWzU2s=
github.com/docker/distribution v2.7.0-rc.0+incompatible/go.mod h1:J2gT2udsDAN96Uj4KfcMRqY0/ypR+oyYUYmja8H+y+w=
github.com/docker/docker v1.13.1 h1:IkZjBSIc8hBjLpqeAbeE5mca5mNgeatLHBy3GO78BWo=
github.com/docker/go-connections v0.4.0 h1:El9xVISelRB7BuFusrZozjnkIM5YnzCViNKohAFqRJQ=
github.com/docker/go-connections v0.4.0/go.mod h1:Gbd7IOopHjR8Iph03tsViu4nIes5XhDvyHbTtUxmeec=
github.com/docker/go-units v0.3.3 h1:Xk8S3Xj5sLGlG5g67hJmYMmUgXv5N4PhkjJHHqrwnTk=
github.com/docker/go-units v0.3.3/go.mod h1:fgPhTUdO+D/Jk86RDLlptpiXQzgHJF7gydDDbaIK4Dk=
github.com/flynn/go-shlex v0.0.0-20150515145356-3f9db97f8568/go.mod h1:xEzjJPgXI435gkrCt3MPfRiAkVrwSbHsst4LCFVfpJc=
github.com/garyburd/redigo v1.6.0/go.mod h1:NR3MbYisc3/PwhQ00EMzDiPmrwpPxAn5GI05/YaO1SY=
github.com/gliderlabs/ssh v0.3.0/go.mod h1:U7qILu1NlMHj9FlMhZLlkCdDnU1DBEAqr0aevW3Awn0=
github.com/gogo/protobuf v1.1.1 h1:72R+M5VuhED/KujmZVcIquuo8mBgX4oVda//DQb3PXo=
github.com/gogo/protobuf v1.1.1/go.mod h1:r8qH/GZQm5c6nD/R0oafs1akxWv10x8SbQlK7atdtwQ=
github.com/jpillora/backoff v0.0.0-20180909062703-3050d21c67d7/go.mod h1:2iMrUgbbvHEiQClaW2NsSzMyGHqN+rDFqY705q49KG0=
github.com/mattn/go-isatty v0.0.4/go.mod h1:M+lRXTBqGeGNdLjl/ufCoiOlB5xdOkqRJdNxMWT7Zi4=
github.com/opencontainers/go-digest v1.0.0-rc1 h1:WzifXhOVOEOuFYOJAW6aQqW0TooG2iki3E3Ii+WN7gQ=
github.com/opencontainers/go-digest v1.0.0-rc1/go.mod h1:cMLVZDEM3+U2I4VmLI6N8jQYUd2OVphdqWwCJHrFt2s=
github.com/opencontainers/image-spec v1.0.1 h1:JMemWkRwHx4Zj+fVxWoMCFm/8sYGGrUVojFA6h/TRcI=
github.com/opencontainers/image-spec v1.0.1/go.mod h1:BtxoFyWECRxE4U/7sNtV5W15zMzWCbyJoFRP3s7yZA0=
github.com/paypal/gatt v0.0.0-20151011220935-4ae819d591cf/go.mod h1:+AwQL2mK3Pd3S+TUwg0tYQjid0q1txyNUJuuSmz8Kdk=
github.com/pkg/errors v0.8.0 h1:WdK/asTD0HN+q6hsWO3/vpuAkAr+tw6aNJNDFFf0+qw=
github.com/pkg/errors v0.8.0/go.mod h1:bwawxfHBFNV+L2hUp1rHADufV3IMtnDRdf1r5NINEl0=
github.com/pkg/term v0.0.0-20190109203006-aa71e9d9e942/go.mod h1:eCbImbZ95eXtAUIbLAuAVnBnwf83mjf6QIVH8SHYwqQ=
github.com/platinasystems/fdt v1.0.1/go.mod h1:WSVWH9RpIVY1dEmMk2u6ewQceD2bfFdLVN68cSixbnY=
github.com/platinasystems/go-redis-server v0.0.0-20181030193423-fcb8fa742b73/go.mod h1:/GXF5FQty+9BTtfCsfFuD4/pHf/b2cN3f3Ic0nLagQw=
github.com/platinasystems/goes v1.18.8 h1:NA8aArfoWE/GboAcGT6jpm83M+SBIX0Se7/OuA3bCDk=
github.com/platinasystems/goes v1.18.8/go.mod h1:9b1IJmsZnfNxL+2xn8Kf7FyMAFdW1AoEE2BRYBRtRbg=
github.com/platinasystems/gpio v1.3.0/go.mod h1:UsR1pB6U/S7Ql6RDrF/S6rMJqWOiZu3H2mKQeEe4v7U=
github.com/platinasystems/ioport v0.0.1/go.mod h1:hfzDUTcaOvxYi0bwMY50WVOenxuO9GQu1k55K9nkXTg=
github.com/platinasystems/ldp v0.0.3/go.mod h1:Olxlov3uU+vWLKNhvkO97FVexakXN5D4KA/oKtXsZpk=
github.com/platinasystems/liner v0.0.0-20170801164932-8dd8fbd0e16d/go.mod h1:5N7zNCEtHP1s5kK6pVgaFwtzEleCreRubeHBnE4rGso=
github.com/platinasystems/loopback v0.0.2/go.mod h1:L363iEtOA7dYJkxGa0b81/0hiSY34/H084Kben/DDRA=
github.com/platinasystems/memio v0.0.0-20181109233200-08a432045d57/go.mod h1:5432a+C/LwmCPg543MFUCCzgTaEpAURrTC01os0/8k8=
github.com/platinasystems/nvram v1.0.0/go.mod h1:00d+9njUcsmFqRNdpmpoY1m5YihPUrQ9mNr9K4BqoEA=
github.com/platinasystems/ssh_key_helper v0.0.1/go.mod h1:3OvmQYpvUh+0PJeOrw3O5B/VLzZTbGmcrSLTF4ahSPs=
github.com/platinasystems/term v0.0.0-20190801203457-969603cfd238/go.mod h1:8awCOsrbSi/myqRz5Y/05Du9KUz2asPVGFvGvMDrZXg=
github.com/platinasystems/test v1.3.0 h1:Vm66cnknaDqjvBEG1Dl/JRF2Nwfc1eYyEEx/JoJS+Iw=
github.com/platinasystems/test v1.3.0/go.mod h1:Ar6YoXSUooZXkC4VEyzQAMtJgbYfGONg+OSBgo/DCj0=
github.com/platinasystems/test v1.5.0 h1:KTEarJEXeACMr4ezoy0VeTAO5r4SQnvprv0V69yhFkQ=
github.com/platinasystems/test v1.5.0/go.mod h1:Ar6YoXSUooZXkC4VEyzQAMtJgbYfGONg+OSBgo/DCj0=
github.com/platinasystems/test v1.6.0 h1:0yCsiOc+rGnWa8bb2BX8naVJ6JUI5PIkBhCX7HUqxlk=
github.com/platinasystems/test v1.6.0/go.mod h1:Ar6YoXSUooZXkC4VEyzQAMtJgbYfGONg+OSBgo/DCj0=
github.com/platinasystems/test v1.7.0 h1:p+bexdJ9fJPClKcEB3VSLf4lOmjvwjLSC6mLaP7Quvs=
github.com/platinasystems/test v1.7.0/go.mod h1:Ar6YoXSUooZXkC4VEyzQAMtJgbYfGONg+OSBgo/DCj0=
github.com/platinasystems/test v1.8.0 h1:qOg4Dt3QWH83X52FFPWlzuw0DPF5gM0m7cdg1li9H1s=
github.com/platinasystems/test v1.8.0/go.mod h1:Ar6YoXSUooZXkC4VEyzQAMtJgbYfGONg+OSBgo/DCj0=
github.com/platinasystems/test v1.8.1 h1:3wNDL3girN5evAinRpfy7tjaSvxQ+cz6JwQ2nn4pffw=
github.com/platinasystems/test v1.8.1/go.mod h1:Ar6YoXSUooZXkC4VEyzQAMtJgbYfGONg+OSBgo/DCj0=
github.com/platinasystems/test v1.8.2 h1:i+IvimE0jutsDGvZAqO4Nqwm7HorvuANsFZGFBySoys=
github.com/platinasystems/test v1.8.2/go.mod h1:Ar6YoXSUooZXkC4VEyzQAMtJgbYfGONg+OSBgo/DCj0=
github.com/platinasystems/test v1.8.3 h1:vZrl1An0N6wfWIynBW/s0LXjdQxx8uRWEoS6WX56Q9E=
github.com/platinasystems/test v1.8.3/go.mod h1:Ar6YoXSUooZXkC4VEyzQAMtJgbYfGONg+OSBgo/DCj0=
github.com/platinasystems/test v1.8.4 h1:4M6wQQeHYVBnrn+UEB1VcZvZ4GDncQScb+reH7X4lvE=
github.com/platinasystems/test v1.8.4/go.mod h1:Ar6YoXSUooZXkC4VEyzQAMtJgbYfGONg+OSBgo/DCj0=
github.com/platinasystems/test v1.8.5 h1:ic2HPCv1pYr0trY6U+LMxFbgdh4Pw052JTcFwTWzom0=
github.com/platinasystems/test v1.8.5/go.mod h1:Ar6YoXSUooZXkC4VEyzQAMtJgbYfGONg+OSBgo/DCj0=
github.com/platinasystems/test v1.8.6 h1:HdjebjrTVJfa6+EGdwxKqEoOXD/KOtumqEtEkB2uIXM=
github.com/platinasystems/test v1.8.6/go.mod h1:Ar6YoXSUooZXkC4VEyzQAMtJgbYfGONg+OSBgo/DCj0=
github.com/platinasystems/test v1.8.7-0.20210308232258-18fc1c3f1bb3 h1:YwlEScPoNMihuv93e1atfILAOYUElWU+ch6BpwVZg7c=
github.com/platinasystems/test v1.8.7-0.20210308232258-18fc1c3f1bb3/go.mod h1:Ar6YoXSUooZXkC4VEyzQAMtJgbYfGONg+OSBgo/DCj0=
github.com/platinasystems/test v1.8.7-0.20210320002549-ed8ca739d5f2 h1:yFvju7n2mTNlMFH2Si1PWJjl2YMUwcSQz4Zf3hLadYM=
github.com/platinasystems/test v1.8.7-0.20210320002549-ed8ca739d5f2/go.mod h1:Ar6YoXSUooZXkC4VEyzQAMtJgbYfGONg+OSBgo/DCj0=
github.com/platinasystems/tftp v1.0.0 h1:wUv+nFUwntLddYGa3Y5Zr3TUQ4rtQXGebG0ZOutVyIw=
github.com/platinasystems/tftp v1.0.0/go.mod h1:RUhAd8ADNPAQmoiSbjo4aDFAOBjz7kC1FkDAmuEd9J0=
github.com/platinasystems/ubi v0.0.2/go.mod h1:owxkur4yGan4QJryDtjAWr4fj/BDCXQ/x9KqID9T1y0=
github.com/platinasystems/url v1.1.1 h1:PDp2Li0lubd/Y82yrpWEQVdznaK1UbBmpT8YLR/NxKE=
github.com/platinasystems/url v1.1.1/go.mod h1:tjHiLHUR+Jasu091bzwk/SAHkgEuO8ohYmi4XTszV2Y=
github.com/pmezard/go-difflib v1.0.0 h1:4DBwDE0NGyQoBHbLQYPwSUPoCMWR5BEzIk/f1lZbAQM=
github.com/pmezard/go-difflib v1.0.0/go.mod h1:iKH77koFhYxTK1pcRnkKkqfTogsbg7gZNVY4sRDYZ/4=
github.com/ramr/go-reaper v0.0.0-20170814234526-35f6a64e44ff/go.mod h1:DFg2AhfQCvkJwRKUfsycOSSZELGBA9gt46ne3SOecJM=
github.com/satori/go.uuid v1.2.0/go.mod h1:dA0hQrYB0VpLJoorglMZABFdXlWrHn1NEOzdhQKdks0=
github.com/satori/uuid v1.2.0/go.mod h1:B8HLsPLik/YNn6KKWVMDJ8nzCL8RP5WyfsnmvnAEwIU=
github.com/stretchr/objx v0.1.0/go.mod h1:HFkY916IF+rwdDfMAkV7OtwuqBVzrE8GR6GFx+wExME=
github.com/stretchr/testify v1.3.0 h1:TivCn/peBQ7UY8ooIcPgZFpTNSz0Q2U6UrFlUfqbe0Q=
github.com/stretchr/testify v1.3.0/go.mod h1:M5WIy9Dh21IEIfnGCwXGc5bZfKNJtfHm1UVUgZn+9EI=
github.com/tatsushid/go-fastping v0.0.0-20160109021039-d7bb493dee3e/go.mod h1:B4+Kq1u5FlULTjFSM707Q6e/cOHFv0z/6QRoxubDIQ8=
github.com/ulikunitz/xz v0.5.8/go.mod h1:nbz6k7qbPmH4IRqmfOplQw/tblSgqTqBwxkY0oWt/14=
golang.org/x/crypto v0.0.0-20190308221718-c2843e01d9a2/go.mod h1:djNgcEr1/C05ACkg1iLfiJU5Ep61QUkGW8qpdssI0+w=
golang.org/x/crypto v0.0.0-20190701094942-4def268fd1a4/go.mod h1:yigFU9vqHzYiE8UmvKecakEJjdnWj3jj499lnFckfCI=
golang.org/x/crypto v0.0.0-20191011191535-87dc89f01550/go.mod h1:yigFU9vqHzYiE8UmvKecakEJjdnWj3jj499lnFckfCI=
golang.org/x/net v0.0.0-20181023162649-9b4f9f5ad519 h1:x6rhz8Y9CjbgQkccRGmELH6K+LJj7tOoh3XWeC1yaQM=
golang.org/x/net v0.0.0-20181023162649-9b4f9f5ad519/go.mod h1:mL1N/T3taQHkDXs73rZJwtUhF3w3ftmwwsq0BUmARs4=
golang.org/x/net v0.0.0-20190404232315-eb5bcb51f2a3/go.mod h1:t9HGtf8HONx5eT2rtn7q6eTqICYqUVnKs3thJo3Qplg=
golang.org/x/net v0.0.0-20190620200207-3b0461eec859 h1:R/3boaszxrf1GEUWTVDzSKVwLmSJpwZ1yqXm8j0v2QI=
golang.org/x/net v0.0.0-20190620200207-3b0461eec859/go.mod h1:z5CRVTTTmAJ677TzLLGU+0bjPO0LkuOLi4/5GtJWs/s=
golang.org/x/sys v0.0.0-20190215142949-d0b11bdaac8a/go.mod h1:STP8DvDyc/dI5b8T5hshtkjS+E42TnysNCUPdjciGhY=
golang.org/x/sys v0.0.0-20190412213103-97732733099d/go.mod h1:h1NjWce9XRLGQEsW7wpKNCjG9DtNlClVuFLEZdDNbEs=
golang.org/x/sys v0.0.0-20190529164535-6a60838ec259 h1:so6Hr/LodwSZ5UQDu/7PmQiDeS112WwtLvU3lpSPZTU=
golang.org/x/sys v0.0.0-20190529164535-6a60838ec259/go.mod h1:h1NjWce9XRLGQEsW7wpKNCjG9DtNlClVuFLEZdDNbEs=
golang.org/x/text v0.3.0/go.mod h1:NqM8EUOU14njkJ3fqMW+pc6Ldnwhi/IjpwHt7yyuwOQ=
gopkg.in/check.v1 v0.0.0-20161208181325-20d25e280405 h1:yhCVgyC4o1eVCa2tZl7eS0r+SDo693bJlVdllGtEeKM=
gopkg.in/check.v1 v0.0.0-20161208181325-20d25e280405/go.mod h1:Co6ibVJAznAaIkqp8huTwlJQCZ016jof/cbN4VW5Yz0=
gopkg.in/yaml.v2 v2.2.1 h1:mUhvW9EsL+naU5Q3cakzfE91YhliOondGd6ZrsDBHQE=
gopkg.in/yaml.v2 v2.2.1/go.mod h1:hI93XBmqTisBFMUTm0b8Fm+jr3Dg1NNxqwp+5A1VGuI=
